
Microsoft Visual Studio Solution File, Format Version 12.00
# Visual Studio Version 16
VisualStudioVersion = 16.0.30621.155
MinimumVisualStudioVersion = 10.0.40219.1
Project("{FAE04EC0-301F-11D3-BF4B-00C04F79EFBC}") = "JapanoriSystem", "JapanoriSystem.csproj", "{66081AE8-D882-4869-943B-4BB663A31C65}"
EndProject
Global
	GlobalSection(SolutionConfigurationPlatforms) = preSolution
		Debug|Any CPU = Debug|Any CPU
		Debug|x64 = Debug|x64
		Release|Any CPU = Release|Any CPU
		Release|x64 = Release|x64
	EndGlobalSection
	GlobalSection(ProjectConfigurationPlatforms) = postSolution
		{66081AE8-D882-4869-943B-4BB663A31C65}.Debug|Any CPU.ActiveCfg = Debug|Any CPU
		{66081AE8-D882-4869-943B-4BB663A31C65}.Debug|Any CPU.Build.0 = Debug|Any CPU
		{66081AE8-D882-4869-943B-4BB663A31C65}.Debug|x64.ActiveCfg = Debug|x64
		{66081AE8-D882-4869-943B-4BB663A31C65}.Release|Any CPU.ActiveCfg = Release|Any CPU
		{66081AE8-D882-4869-943B-4BB663A31C65}.Release|Any CPU.Build.0 = Release|Any CPU
		{66081AE8-D882-4869-943B-4BB663A31C65}.Release|x64.ActiveCfg = Release|x64
		{66081AE8-D882-4869-943B-4BB663A31C65}.Release|x64.Build.0 = Release|x64
	EndGlobalSection
	GlobalSection(SolutionProperties) = preSolution
		HideSolutionNode = FALSE
	EndGlobalSection
	GlobalSection(ExtensibilityGlobals) = postSolution
		SolutionGuid = {E9F651A3-1133-4641-82BC-61BF13985E42}
	EndGlobalSection
EndGlobal
